
Microsoft Visual Studio Solution File, Format Version 12.00
# Visual Studio 15
Project("{FAE04EC0-301F-11D3-BF4B-00C04F79EFBC}") = "PhotonUnityNetworking.Demos", "PhotonUnityNetworking.Demos.csproj", "{BC59439C-3359-A457-17F6-8E6C77356AB6}"
EndProject
Project("{FAE04EC0-301F-11D3-BF4B-00C04F79EFBC}") = "PhotonUnityNetworking.Utilities", "PhotonUnityNetworking.Utilities.csproj", "{1EBEF2B4-F4C6-9C15-803C-EE4B86C4467B}"
EndProject
Project("{FAE04EC0-301F-11D3-BF4B-00C04F79EFBC}") = "Assembly-CSharp", "Assembly-CSharp.csproj", "{C26CB24A-30F1-4DE4-84D0-E31DA2869A36}"
EndProject
Project("{FAE04EC0-301F-11D3-BF4B-00C04F79EFBC}") = "PhotonUnityNetworking", "PhotonUnityNetworking.csproj", "{EA7D6AB4-04B0-7850-AEAC-B17B514340CC}"
EndProject
Project("{FAE04EC0-301F-11D3-BF4B-00C04F79EFBC}") = "PhotonRealtime", "PhotonRealtime.csproj", "{E4FBC4A5-8FC5-488B-04F7-0B2BBA206AFB}"
EndProject
Project("{FAE04EC0-301F-11D3-BF4B-00C04F79EFBC}") = "PhotonChat", "PhotonChat.csproj", "{6C60E2BD-086B-3457-7809-2722EE2B250B}"
EndProject
Project("{FAE04EC0-301F-11D3-BF4B-00C04F79EFBC}") = "PhotonWebSocket", "PhotonWebSocket.csproj", "{8097010D-46AF-3056-DC68-89FCEAAC7A65}"
EndProject
Project("{FAE04EC0-301F-11D3-BF4B-00C04F79EFBC}") = "PhotonUnityNetworking.Editor", "PhotonUnityNetworking.Editor.csproj", "{0F148D73-3AB2-7262-2354-91218AEA45E8}"
EndProject
Project("{FAE04EC0-301F-11D3-BF4B-00C04F79EFBC}") = "PunDemos.DemoSlotcarEditor", "PunDemos.DemoSlotcarEditor.csproj", "{88530B35-7197-55DA-66F8-5C8D5BC67588}"
EndProject
Project("{FAE04EC0-301F-11D3-BF4B-00C04F79EFBC}") = "PhotonUnityNetworking.Utilities.Culling.Editor", "PhotonUnityNetworking.Utilities.Culling.Editor.csproj", "{106963BF-361D-A922-4D66-E928D271F982}"
EndProject
Project("{FAE04EC0-301F-11D3-BF4B-00C04F79EFBC}") = "PunDemos.DemoHubEditor", "PunDemos.DemoHubEditor.csproj", "{97F44CEE-51F5-A169-A214-4F6D0883940D}"
EndProject
Project("{FAE04EC0-301F-11D3-BF4B-00C04F79EFBC}") = "PhotonUnityNetworking.Utilities.PhotonPlayer.Editor", "PhotonUnityNetworking.Utilities.PhotonPlayer.Editor.csproj", "{4D8ACF98-DD2A-513F-8528-D3E483D24A8B}"
EndProject
Global
	GlobalSection(SolutionConfigurationPlatforms) = preSolution
		Debug|Any CPU = Debug|Any CPU
		Release|Any CPU = Release|Any CPU
	EndGlobalSection
	GlobalSection(ProjectConfigurationPlatforms) = postSolution
		{BC59439C-3359-A457-17F6-8E6C77356AB6}.Debug|Any CPU.ActiveCfg = Debug|Any CPU
		{BC59439C-3359-A457-17F6-8E6C77356AB6}.Debug|Any CPU.Build.0 = Debug|Any CPU
		{BC59439C-3359-A457-17F6-8E6C77356AB6}.Release|Any CPU.ActiveCfg = Release|Any CPU
		{BC59439C-3359-A457-17F6-8E6C77356AB6}.Release|Any CPU.Build.0 = Release|Any CPU
		{1EBEF2B4-F4C6-9C15-803C-EE4B86C4467B}.Debug|Any CPU.ActiveCfg = Debug|Any CPU
		{1EBEF2B4-F4C6-9C15-803C-EE4B86C4467B}.Debug|Any CPU.Build.0 = Debug|Any CPU
		{1EBEF2B4-F4C6-9C15-803C-EE4B86C4467B}.Release|Any CPU.ActiveCfg = Release|Any CPU
		{1EBEF2B4-F4C6-9C15-803C-EE4B86C4467B}.Release|Any CPU.Build.0 = Release|Any CPU
		{C26CB24A-30F1-4DE4-84D0-E31DA2869A36}.Debug|Any CPU.ActiveCfg = Debug|Any CPU
		{C26CB24A-30F1-4DE4-84D0-E31DA2869A36}.Debug|Any CPU.Build.0 = Debug|Any CPU
		{C26CB24A-30F1-4DE4-84D0-E31DA2869A36}.Release|Any CPU.ActiveCfg = Release|Any CPU
		{C26CB24A-30F1-4DE4-84D0-E31DA2869A36}.Release|Any CPU.Build.0 = Release|Any CPU
		{EA7D6AB4-04B0-7850-AEAC-B17B514340CC}.Debug|Any CPU.ActiveCfg = Debug|Any CPU
		{EA7D6AB4-04B0-7850-AEAC-B17B514340CC}.Debug|Any CPU.Build.0 = Debug|Any CPU
		{EA7D6AB4-04B0-7850-AEAC-B17B514340CC}.Release|Any CPU.ActiveCfg = Release|Any CPU
		{EA7D6AB4-04B0-7850-AEAC-B17B514340CC}.Release|Any CPU.Build.0 = Release|Any CPU
		{E4FBC4A5-8FC5-488B-04F7-0B2BBA206AFB}.Debug|Any CPU.ActiveCfg = Debug|Any CPU
		{E4FBC4A5-8FC5-488B-04F7-0B2BBA206AFB}.Debug|Any CPU.Build.0 = Debug|Any CPU
		{E4FBC4A5-8FC5-488B-04F7-0B2BBA206AFB}.Release|Any CPU.ActiveCfg = Release|Any CPU
		{E4FBC4A5-8FC5-488B-04F7-0B2BBA206AFB}.Release|Any CPU.Build.0 = Release|Any CPU
		{6C60E2BD-086B-3457-7809-2722EE2B250B}.Debug|Any CPU.ActiveCfg = Debug|Any CPU
		{6C60E2BD-086B-3457-7809-2722EE2B250B}.Debug|Any CPU.Build.0 = Debug|Any CPU
		{6C60E2BD-086B-3457-7809-2722EE2B250B}.Release|Any CPU.ActiveCfg = Release|Any CPU
		{6C60E2BD-086B-3457-7809-2722EE2B250B}.Release|Any CPU.Build.0 = Release|Any CPU
		{8097010D-46AF-3056-DC68-89FCEAAC7A65}.Debug|Any CPU.ActiveCfg = Debug|Any CPU
		{8097010D-46AF-3056-DC68-89FCEAAC7A65}.Debug|Any CPU.Build.0 = Debug|Any CPU
		{8097010D-46AF-3056-DC68-89FCEAAC7A65}.Release|Any CPU.ActiveCfg = Release|Any CPU
		{8097010D-46AF-3056-DC68-89FCEAAC7A65}.Release|Any CPU.Build.0 = Release|Any CPU
		{0F148D73-3AB2-7262-2354-91218AEA45E8}.Debug|Any CPU.ActiveCfg = Debug|Any CPU
		{0F148D73-3AB2-7262-2354-91218AEA45E8}.Debug|Any CPU.Build.0 = Debug|Any CPU
		{0F148D73-3AB2-7262-2354-91218AEA45E8}.Release|Any CPU.ActiveCfg = Release|Any CPU
		{0F148D73-3AB2-7262-2354-91218AEA45E8}.Release|Any CPU.Build.0 = Release|Any CPU
		{88530B35-7197-55DA-66F8-5C8D5BC67588}.Debug|Any CPU.ActiveCfg = Debug|Any CPU
		{88530B35-7197-55DA-66F8-5C8D5BC67588}.Debug|Any CPU.Build.0 = Debug|Any CPU
		{88530B35-7197-55DA-66F8-5C8D5BC67588}.Release|Any CPU.ActiveCfg = Release|Any CPU
		{88530B35-7197-55DA-66F8-5C8D5BC67588}.Release|Any CPU.Build.0 = Release|Any CPU
		{106963BF-361D-A922-4D66-E928D271F982}.Debug|Any CPU.ActiveCfg = Debug|Any CPU
		{106963BF-361D-A922-4D66-E928D271F982}.Debug|Any CPU.Build.0 = Debug|Any CPU
		{106963BF-361D-A922-4D66-E928D271F982}.Release|Any CPU.ActiveCfg = Release|Any CPU
		{106963BF-361D-A922-4D66-E928D271F982}.Release|Any CPU.Build.0 = Release|Any CPU
		{97F44CEE-51F5-A169-A214-4F6D0883940D}.Debug|Any CPU.ActiveCfg = Debug|Any CPU
		{97F44CEE-51F5-A169-A214-4F6D0883940D}.Debug|Any CPU.Build.0 = Debug|Any CPU
		{97F44CEE-51F5-A169-A214-4F6D0883940D}.Release|Any CPU.ActiveCfg = Release|Any CPU
		{97F44CEE-51F5-A169-A214-4F6D0883940D}.Release|Any CPU.Build.0 = Release|Any CPU
		{4D8ACF98-DD2A-513F-8528-D3E483D24A8B}.Debug|Any CPU.ActiveCfg = Debug|Any CPU
		{4D8ACF98-DD2A-513F-8528-D3E483D24A8B}.Debug|Any CPU.Build.0 = Debug|Any CPU
		{4D8ACF98-DD2A-513F-8528-D3E483D24A8B}.Release|Any CPU.ActiveCfg = Release|Any CPU
		{4D8ACF98-DD2A-513F-8528-D3E483D24A8B}.Release|Any CPU.Build.0 = Release|Any CPU
	EndGlobalSection
	GlobalSection(SolutionProperties) = preSolution
		HideSolutionNode = FALSE
	EndGlobalSection
EndGlobal
